
Microsoft Visual Studio Solution File, Format Version 12.00
# Visual Studio Version 17
VisualStudioVersion = 17.0.32112.339
MinimumVisualStudioVersion = 10.0.40219.1
Project("{FAE04EC0-301F-11D3-BF4B-00C04F79EFBC}") = "A1LuayGhabayin", "A1LuayGhabayin\A1LuayGhabayin.csproj", "{BB354B7A-C472-4CDB-A39F-4BCF016AF470}"
EndProject
Global
	GlobalSection(SolutionConfigurationPlatforms) = preSolution
		Debug|Any CPU = Debug|Any CPU
		Release|Any CPU = Release|Any CPU
	EndGlobalSection
	GlobalSection(ProjectConfigurationPlatforms) = postSolution
		{BB354B7A-C472-4CDB-A39F-4BCF016AF470}.Debug|Any CPU.ActiveCfg = Debug|Any CPU
		{BB354B7A-C472-4CDB-A39F-4BCF016AF470}.Debug|Any CPU.Build.0 = Debug|Any CPU
		{BB354B7A-C472-4CDB-A39F-4BCF016AF470}.Release|Any CPU.ActiveCfg = Release|Any CPU
		{BB354B7A-C472-4CDB-A39F-4BCF016AF470}.Release|Any CPU.Build.0 = Release|Any CPU
	EndGlobalSection
	GlobalSection(SolutionProperties) = preSolution
		HideSolutionNode = FALSE
	EndGlobalSection
	GlobalSection(ExtensibilityGlobals) = postSolution
		SolutionGuid = {0660C958-4A29-4046-8AB7-B3F7E3A3B7AB}
	EndGlobalSection
EndGlobal
